// !$*UTF8*$!
{
	archiveVersion = 1;
	classes = {
	};
	objectVersion = 46;
	objects = {

/* Begin PBXBuildFile section */
		A1F3CC871EDFE5B00052C9FA /* main.m in Sources */ = {isa = PBXBuildFile; fileRef = A1F3CC861EDFE5B00052C9FA /* main.m */; };
		A1F3CC8A1EDFE5B00052C9FA /* AppDelegate.m in Sources */ = {isa = PBXBuildFile; fileRef = A1F3CC891EDFE5B00052C9FA /* AppDelegate.m */; };
		A1F3CC901EDFE5B00052C9FA /* Main.storyboard in Resources */ = {isa = PBXBuildFile; fileRef = A1F3CC8E1EDFE5B00052C9FA /* Main.storyboard */; };
		A1F3CC921EDFE5B00052C9FA /* Assets.xcassets in Resources */ = {isa = PBXBuildFile; fileRef = A1F3CC911EDFE5B00052C9FA /* Assets.xcassets */; };
		A1F3CC951EDFE5B00052C9FA /* LaunchScreen.storyboard in Resources */ = {isa = PBXBuildFile; fileRef = A1F3CC931EDFE5B00052C9FA /* LaunchScreen.storyboard */; };
		A1F3CC9F1EDFE7220052C9FA /* CustomModel.m in Sources */ = {isa = PBXBuildFile; fileRef = A1F3CC9E1EDFE7220052C9FA /* CustomModel.m */; };
		A1F3CD421EDFE9090052C9FA /* MainViewController.m in Sources */ = {isa = PBXBuildFile; fileRef = A1F3CD411EDFE9090052C9FA /* MainViewController.m */; };
		A1F3CD451EDFED670052C9FA /* TableViewProtocol.m in Sources */ = {isa = PBXBuildFile; fileRef = A1F3CD441EDFED670052C9FA /* TableViewProtocol.m */; };
		A1F3CD481EDFEEAB0052C9FA /* CustomTableViewCell.m in Sources */ = {isa = PBXBuildFile; fileRef = A1F3CD471EDFEEAB0052C9FA /* CustomTableViewCell.m */; };
		A1F3CD4B1EDFF73A0052C9FA /* CustomViewModel.m in Sources */ = {isa = PBXBuildFile; fileRef = A1F3CD4A1EDFF73A0052C9FA /* CustomViewModel.m */; };
		A1F3CD7B1EDFF8800052C9FA /* MJRefreshAutoFooter.m in Sources */ = {isa = PBXBuildFile; fileRef = A1F3CD4F1EDFF8800052C9FA /* MJRefreshAutoFooter.m */; };
		A1F3CD7C1EDFF8800052C9FA /* MJRefreshBackFooter.m in Sources */ = {isa = PBXBuildFile; fileRef = A1F3CD511EDFF8800052C9FA /* MJRefreshBackFooter.m */; };
		A1F3CD7D1EDFF8800052C9FA /* MJRefreshComponent.m in Sources */ = {isa = PBXBuildFile; fileRef = A1F3CD531EDFF8800052C9FA /* MJRefreshComponent.m */; };
		A1F3CD7E1EDFF8800052C9FA /* MJRefreshFooter.m in Sources */ = {isa = PBXBuildFile; fileRef = A1F3CD551EDFF8800052C9FA /* MJRefreshFooter.m */; };
		A1F3CD7F1EDFF8800052C9FA /* MJRefreshHeader.m in Sources */ = {isa = PBXBuildFile; fileRef = A1F3CD571EDFF8800052C9FA /* MJRefreshHeader.m */; };
		A1F3CD801EDFF8800052C9FA /* MJRefreshAutoGifFooter.m in Sources */ = {isa = PBXBuildFile; fileRef = A1F3CD5C1EDFF8800052C9FA /* MJRefreshAutoGifFooter.m */; };
		A1F3CD811EDFF8800052C9FA /* MJRefreshAutoNormalFooter.m in Sources */ = {isa = PBXBuildFile; fileRef = A1F3CD5E1EDFF8800052C9FA /* MJRefreshAutoNormalFooter.m */; };
		A1F3CD821EDFF8800052C9FA /* MJRefreshAutoStateFooter.m in Sources */ = {isa = PBXBuildFile; fileRef = A1F3CD601EDFF8800052C9FA /* MJRefreshAutoStateFooter.m */; };
		A1F3CD831EDFF8800052C9FA /* MJRefreshBackGifFooter.m in Sources */ = {isa = PBXBuildFile; fileRef = A1F3CD631EDFF8800052C9FA /* MJRefreshBackGifFooter.m */; };
		A1F3CD841EDFF8800052C9FA /* MJRefreshBackNormalFooter.m in Sources */ = {isa = PBXBuildFile; fileRef = A1F3CD651EDFF8800052C9FA /* MJRefreshBackNormalFooter.m */; };
		A1F3CD851EDFF8800052C9FA /* MJRefreshBackStateFooter.m in Sources */ = {isa = PBXBuildFile; fileRef = A1F3CD671EDFF8800052C9FA /* MJRefreshBackStateFooter.m */; };
		A1F3CD861EDFF8800052C9FA /* MJRefreshGifHeader.m in Sources */ = {isa = PBXBuildFile; fileRef = A1F3CD6A1EDFF8800052C9FA /* MJRefreshGifHeader.m */; };
		A1F3CD871EDFF8800052C9FA /* MJRefreshNormalHeader.m in Sources */ = {isa = PBXBuildFile; fileRef = A1F3CD6C1EDFF8800052C9FA /* MJRefreshNormalHeader.m */; };
		A1F3CD881EDFF8800052C9FA /* MJRefreshStateHeader.m in Sources */ = {isa = PBXBuildFile; fileRef = A1F3CD6E1EDFF8800052C9FA /* MJRefreshStateHeader.m */; };
		A1F3CD891EDFF8800052C9FA /* MJRefresh.bundle in Resources */ = {isa = PBXBuildFile; fileRef = A1F3CD6F1EDFF8800052C9FA /* MJRefresh.bundle */; };
		A1F3CD8A1EDFF8800052C9FA /* MJRefreshConst.m in Sources */ = {isa = PBXBuildFile; fileRef = A1F3CD721EDFF8800052C9FA /* MJRefreshConst.m */; };
		A1F3CD8B1EDFF8800052C9FA /* NSBundle+MJRefresh.m in Sources */ = {isa = PBXBuildFile; fileRef = A1F3CD741EDFF8800052C9FA /* NSBundle+MJRefresh.m */; };
		A1F3CD8C1EDFF8800052C9FA /* UIScrollView+MJExtension.m in Sources */ = {isa = PBXBuildFile; fileRef = A1F3CD761EDFF8800052C9FA /* UIScrollView+MJExtension.m */; };
		A1F3CD8D1EDFF8800052C9FA /* UIScrollView+MJRefresh.m in Sources */ = {isa = PBXBuildFile; fileRef = A1F3CD781EDFF8800052C9FA /* UIScrollView+MJRefresh.m */; };
		A1F3CD8E1EDFF8800052C9FA /* UIView+MJExtension.m in Sources */ = {isa = PBXBuildFile; fileRef = A1F3CD7A1EDFF8800052C9FA /* UIView+MJExtension.m */; };
/* End PBXBuildFile section */

/* Begin PBXFileReference section */
		A1F3CC821EDFE5B00052C9FA /* MVVMDemo1.app */ = {isa = PBXFileReference; explicitFileType = wrapper.application; includeInIndex = 0; path = MVVMDemo1.app; sourceTree = BUILT_PRODUCTS_DIR; };
		A1F3CC861EDFE5B00052C9FA /* main.m */ = {isa = PBXFileReference; lastKnownFileType = sourcecode.c.objc; path = main.m; sourceTree = "<group>"; };
		A1F3CC881EDFE5B00052C9FA /* AppDelegate.h */ = {isa = PBXFileReference; lastKnownFileType = sourcecode.c.h; path = AppDelegate.h; sourceTree = "<group>"; };
		A1F3CC891EDFE5B00052C9FA /* AppDelegate.m */ = {isa = PBXFileReference; lastKnownFileType = sourcecode.c.objc; path = AppDelegate.m; sourceTree = "<group>"; };
		A1F3CC8F1EDFE5B00052C9FA /* Base */ = {isa = PBXFileReference; lastKnownFileType = file.storyboard; name = Base; path = Base.lproj/Main.storyboard; sourceTree = "<group>"; };
		A1F3CC911EDFE5B00052C9FA /* Assets.xcassets */ = {isa = PBXFileReference; lastKnownFileType = folder.assetcatalog; path = Assets.xcassets; sourceTree = "<group>"; };
		A1F3CC941EDFE5B00052C9FA /* Base */ = {isa = PBXFileReference; lastKnownFileType = file.storyboard; name = Base; path = Base.lproj/LaunchScreen.storyboard; sourceTree = "<group>"; };
		A1F3CC961EDFE5B00052C9FA /* Info.plist */ = {isa = PBXFileReference; lastKnownFileType = text.plist.xml; path = Info.plist; sourceTree = "<group>"; };
		A1F3CC9D1EDFE7220052C9FA /* CustomModel.h */ = {isa = PBXFileReference; fileEncoding = 4; lastKnownFileType = sourcecode.c.h; path = CustomModel.h; sourceTree = "<group>"; };
		A1F3CC9E1EDFE7220052C9FA /* CustomModel.m */ = {isa = PBXFileReference; fileEncoding = 4; lastKnownFileType = sourcecode.c.objc; path = CustomModel.m; sourceTree = "<group>"; };
		A1F3CD401EDFE9090052C9FA /* MainViewController.h */ = {isa = PBXFileReference; fileEncoding = 4; lastKnownFileType = sourcecode.c.h; path = MainViewController.h; sourceTree = "<group>"; };
		A1F3CD411EDFE9090052C9FA /* MainViewController.m */ = {isa = PBXFileReference; fileEncoding = 4; lastKnownFileType = sourcecode.c.objc; path = MainViewController.m; sourceTree = "<group>"; };
		A1F3CD431EDFED670052C9FA /* TableViewProtocol.h */ = {isa = PBXFileReference; fileEncoding = 4; lastKnownFileType = sourcecode.c.h; path = TableViewProtocol.h; sourceTree = "<group>"; };
		A1F3CD441EDFED670052C9FA /* TableViewProtocol.m */ = {isa = PBXFileReference; fileEncoding = 4; lastKnownFileType = sourcecode.c.objc; path = TableViewProtocol.m; sourceTree = "<group>"; };
		A1F3CD461EDFEEAB0052C9FA /* CustomTableViewCell.h */ = {isa = PBXFileReference; fileEncoding = 4; lastKnownFileType = sourcecode.c.h; path = CustomTableViewCell.h; sourceTree = "<group>"; };
		A1F3CD471EDFEEAB0052C9FA /* CustomTableViewCell.m */ = {isa = PBXFileReference; fileEncoding = 4; lastKnownFileType = sourcecode.c.objc; path = CustomTableViewCell.m; sourceTree = "<group>"; };
		A1F3CD491EDFF73A0052C9FA /* CustomViewModel.h */ = {isa = PBXFileReference; fileEncoding = 4; lastKnownFileType = sourcecode.c.h; path = CustomViewModel.h; sourceTree = "<group>"; };
		A1F3CD4A1EDFF73A0052C9FA /* CustomViewModel.m */ = {isa = PBXFileReference; fileEncoding = 4; lastKnownFileType = sourcecode.c.objc; path = CustomViewModel.m; sourceTree = "<group>"; };
		A1F3CD4E1EDFF8800052C9FA /* MJRefreshAutoFooter.h */ = {isa = PBXFileReference; fileEncoding = 4; lastKnownFileType = sourcecode.c.h; path = MJRefreshAutoFooter.h; sourceTree = "<group>"; };
		A1F3CD4F1EDFF8800052C9FA /* MJRefreshAutoFooter.m */ = {isa = PBXFileReference; fileEncoding = 4; lastKnownFileType = sourcecode.c.objc; path = MJRefreshAutoFooter.m; sourceTree = "<group>"; };
		A1F3CD501EDFF8800052C9FA /* MJRefreshBackFooter.h */ = {isa = PBXFileReference; fileEncoding = 4; lastKnownFileType = sourcecode.c.h; path = MJRefreshBackFooter.h; sourceTree = "<group>"; };
		A1F3CD511EDFF8800052C9FA /* MJRefreshBackFooter.m */ = {isa = PBXFileReference; fileEncoding = 4; lastKnownFileType = sourcecode.c.objc; path = MJRefreshBackFooter.m; sourceTree = "<group>"; };
		A1F3CD521EDFF8800052C9FA /* MJRefreshComponent.h */ = {isa = PBXFileReference; fileEncoding = 4; lastKnownFileType = sourcecode.c.h; path = MJRefreshComponent.h; sourceTree = "<group>"; };
		A1F3CD531EDFF8800052C9FA /* MJRefreshComponent.m */ = {isa = PBXFileReference; fileEncoding = 4; lastKnownFileType = sourcecode.c.objc; path = MJRefreshComponent.m; sourceTree = "<group>"; };
		A1F3CD541EDFF8800052C9FA /* MJRefreshFooter.h */ = {isa = PBXFileReference; fileEncoding = 4; lastKnownFileType = sourcecode.c.h; path = MJRefreshFooter.h; sourceTree = "<group>"; };
		A1F3CD551EDFF8800052C9FA /* MJRefreshFooter.m */ = {isa = PBXFileReference; fileEncoding = 4; lastKnownFileType = sourcecode.c.objc; path = MJRefreshFooter.m; sourceTree = "<group>"; };
		A1F3CD561EDFF8800052C9FA /* MJRefreshHeader.h */ = {isa = PBXFileReference; fileEncoding = 4; lastKnownFileType = sourcecode.c.h; path = MJRefreshHeader.h; sourceTree = "<group>"; };
		A1F3CD571EDFF8800052C9FA /* MJRefreshHeader.m */ = {isa = PBXFileReference; fileEncoding = 4; lastKnownFileType = sourcecode.c.objc; path = MJRefreshHeader.m; sourceTree = "<group>"; };
		A1F3CD5B1EDFF8800052C9FA /* MJRefreshAutoGifFooter.h */ = {isa = PBXFileReference; fileEncoding = 4; lastKnownFileType = sourcecode.c.h; path = MJRefreshAutoGifFooter.h; sourceTree = "<group>"; };
		A1F3CD5C1EDFF8800052C9FA /* MJRefreshAutoGifFooter.m */ = {isa = PBXFileReference; fileEncoding = 4; lastKnownFileType = sourcecode.c.objc; path = MJRefreshAutoGifFooter.m; sourceTree = "<group>"; };
		A1F3CD5D1EDFF8800052C9FA /* MJRefreshAutoNormalFooter.h */ = {isa = PBXFileReference; fileEncoding = 4; lastKnownFileType = sourcecode.c.h; path = MJRefreshAutoNormalFooter.h; sourceTree = "<group>"; };
		A1F3CD5E1EDFF8800052C9FA /* MJRefreshAutoNormalFooter.m */ = {isa = PBXFileReference; fileEncoding = 4; lastKnownFileType = sourcecode.c.objc; path = MJRefreshAutoNormalFooter.m; sourceTree = "<group>"; };
		A1F3CD5F1EDFF8800052C9FA /* MJRefreshAutoStateFooter.h */ = {isa = PBXFileReference; fileEncoding = 4; lastKnownFileType = sourcecode.c.h; path = MJRefreshAutoStateFooter.h; sourceTree = "<group>"; };
		A1F3CD601EDFF8800052C9FA /* MJRefreshAutoStateFooter.m */ = {isa = PBXFileReference; fileEncoding = 4; lastKnownFileType = sourcecode.c.objc; path = MJRefreshAutoStateFooter.m; sourceTree = "<group>"; };
		A1F3CD621EDFF8800052C9FA /* MJRefreshBackGifFooter.h */ = {isa = PBXFileReference; fileEncoding = 4; lastKnownFileType = sourcecode.c.h; path = MJRefreshBackGifFooter.h; sourceTree = "<group>"; };
		A1F3CD631EDFF8800052C9FA /* MJRefreshBackGifFooter.m */ = {isa = PBXFileReference; fileEncoding = 4; lastKnownFileType = sourcecode.c.objc; path = MJRefreshBackGifFooter.m; sourceTree = "<group>"; };
		A1F3CD641EDFF8800052C9FA /* MJRefreshBackNormalFooter.h */ = {isa = PBXFileReference; fileEncoding = 4; lastKnownFileType = sourcecode.c.h; path = MJRefreshBackNormalFooter.h; sourceTree = "<group>"; };
		A1F3CD651EDFF8800052C9FA /* MJRefreshBackNormalFooter.m */ = {isa = PBXFileReference; fileEncoding = 4; lastKnownFileType = sourcecode.c.objc; path = MJRefreshBackNormalFooter.m; sourceTree = "<group>"; };
		A1F3CD661EDFF8800052C9FA /* MJRefreshBackStateFooter.h */ = {isa = PBXFileReference; fileEncoding = 4; lastKnownFileType = sourcecode.c.h; path = MJRefreshBackStateFooter.h; sourceTree = "<group>"; };
		A1F3CD671EDFF8800052C9FA /* MJRefreshBackStateFooter.m */ = {isa = PBXFileReference; fileEncoding = 4; lastKnownFileType = sourcecode.c.objc; path = MJRefreshBackStateFooter.m; sourceTree = "<group>"; };
		A1F3CD691EDFF8800052C9FA /* MJRefreshGifHeader.h */ = {isa = PBXFileReference; fileEncoding = 4; lastKnownFileType = sourcecode.c.h; path = MJRefreshGifHeader.h; sourceTree = "<group>"; };
		A1F3CD6A1EDFF8800052C9FA /* MJRefreshGifHeader.m */ = {isa = PBXFileReference; fileEncoding = 4; lastKnownFileType = sourcecode.c.objc; path = MJRefreshGifHeader.m; sourceTree = "<group>"; };
		A1F3CD6B1EDFF8800052C9FA /* MJRefreshNormalHeader.h */ = {isa = PBXFileReference; fileEncoding = 4; lastKnownFileType = sourcecode.c.h; path = MJRefreshNormalHeader.h; sourceTree = "<group>"; };
		A1F3CD6C1EDFF8800052C9FA /* MJRefreshNormalHeader.m */ = {isa = PBXFileReference; fileEncoding = 4; lastKnownFileType = sourcecode.c.objc; path = MJRefreshNormalHeader.m; sourceTree = "<group>"; };
		A1F3CD6D1EDFF8800052C9FA /* MJRefreshStateHeader.h */ = {isa = PBXFileReference; fileEncoding = 4; lastKnownFileType = sourcecode.c.h; path = MJRefreshStateHeader.h; sourceTree = "<group>"; };
		A1F3CD6E1EDFF8800052C9FA /* MJRefreshStateHeader.m */ = {isa = PBXFileReference; fileEncoding = 4; lastKnownFileType = sourcecode.c.objc; path = MJRefreshStateHeader.m; sourceTree = "<group>"; };
		A1F3CD6F1EDFF8800052C9FA /* MJRefresh.bundle */ = {isa = PBXFileReference; lastKnownFileType = "wrapper.plug-in"; path = MJRefresh.bundle; sourceTree = "<group>"; };
		A1F3CD701EDFF8800052C9FA /* MJRefresh.h */ = {isa = PBXFileReference; fileEncoding = 4; lastKnownFileType = sourcecode.c.h; path = MJRefresh.h; sourceTree = "<group>"; };
		A1F3CD711EDFF8800052C9FA /* MJRefreshConst.h */ = {isa = PBXFileReference; fileEncoding = 4; lastKnownFileType = sourcecode.c.h; path = MJRefreshConst.h; sourceTree = "<group>"; };
		A1F3CD721EDFF8800052C9FA /* MJRefreshConst.m */ = {isa = PBXFileReference; fileEncoding = 4; lastKnownFileType = sourcecode.c.objc; path = MJRefreshConst.m; sourceTree = "<group>"; };
		A1F3CD731EDFF8800052C9FA /* NSBundle+MJRefresh.h */ = {isa = PBXFileReference; fileEncoding = 4; lastKnownFileType = sourcecode.c.h; path = "NSBundle+MJRefresh.h"; sourceTree = "<group>"; };
		A1F3CD741EDFF8800052C9FA /* NSBundle+MJRefresh.m */ = {isa = PBXFileReference; fileEncoding = 4; lastKnownFileType = sourcecode.c.objc; path = "NSBundle+MJRefresh.m"; sourceTree = "<group>"; };
		A1F3CD751EDFF8800052C9FA /* UIScrollView+MJExtension.h */ = {isa = PBXFileReference; fileEncoding = 4; lastKnownFileType = sourcecode.c.h; path = "UIScrollView+MJExtension.h"; sourceTree = "<group>"; };
		A1F3CD761EDFF8800052C9FA /* UIScrollView+MJExtension.m */ = {isa = PBXFileReference; fileEncoding = 4; lastKnownFileType = sourcecode.c.objc; path = "UIScrollView+MJExtension.m"; sourceTree = "<group>"; };
		A1F3CD771EDFF8800052C9FA /* UIScrollView+MJRefresh.h */ = {isa = PBXFileReference; fileEncoding = 4; lastKnownFileType = sourcecode.c.h; path = "UIScrollView+MJRefresh.h"; sourceTree = "<group>"; };
		A1F3CD781EDFF8800052C9FA /* UIScrollView+MJRefresh.m */ = {isa = PBXFileReference; fileEncoding = 4; lastKnownFileType = sourcecode.c.objc; path = "UIScrollView+MJRefresh.m"; sourceTree = "<group>"; };
		A1F3CD791EDFF8800052C9FA /* UIView+MJExtension.h */ = {isa = PBXFileReference; fileEncoding = 4; lastKnownFileType = sourcecode.c.h; path = "UIView+MJExtension.h"; sourceTree = "<group>"; };
		A1F3CD7A1EDFF8800052C9FA /* UIView+MJExtension.m */ = {isa = PBXFileReference; fileEncoding = 4; lastKnownFileType = sourcecode.c.objc; path = "UIView+MJExtension.m"; sourceTree = "<group>"; };
		A1F3CD8F1EE009690052C9FA /* Header.h */ = {isa = PBXFileReference; fileEncoding = 4; lastKnownFileType = sourcecode.c.h; name = Header.h; path = ../Header.h; sourceTree = "<group>"; };
/* End PBXFileReference section */

/* Begin PBXFrameworksBuildPhase section */
		A1F3CC7F1EDFE5B00052C9FA /* Frameworks */ = {
			isa = PBXFrameworksBuildPhase;
			buildActionMask = 2147483647;
			files = (
			);
			runOnlyForDeploymentPostprocessing = 0;
		};
/* End PBXFrameworksBuildPhase section */

/* Begin PBXGroup section */
		A1F3CC791EDFE5B00052C9FA = {
			isa = PBXGroup;
			children = (
				A1F3CC841EDFE5B00052C9FA /* MVVMDemo1 */,
				A1F3CC831EDFE5B00052C9FA /* Products */,
			);
			sourceTree = "<group>";
		};
		A1F3CC831EDFE5B00052C9FA /* Products */ = {
			isa = PBXGroup;
			children = (
				A1F3CC821EDFE5B00052C9FA /* MVVMDemo1.app */,
			);
			name = Products;
			sourceTree = "<group>";
		};
		A1F3CC841EDFE5B00052C9FA /* MVVMDemo1 */ = {
			isa = PBXGroup;
			children = (
				A1F3CD4C1EDFF8800052C9FA /* MJRefresh */,
				A1F3CC9C1EDFE7220052C9FA /* Model */,
				A1F3CCA71EDFE73B0052C9FA /* View */,
				A1F3CCAB1EDFE7420052C9FA /* ViewModel */,
				A1F3CCAF1EDFE7530052C9FA /* Controller */,
				A1F3CCA01EDFE7290052C9FA /* TableViewProtocol */,
				A1F3CC881EDFE5B00052C9FA /* AppDelegate.h */,
				A1F3CC891EDFE5B00052C9FA /* AppDelegate.m */,
				A1F3CD8F1EE009690052C9FA /* Header.h */,
				A1F3CC8E1EDFE5B00052C9FA /* Main.storyboard */,
				A1F3CC911EDFE5B00052C9FA /* Assets.xcassets */,
				A1F3CC931EDFE5B00052C9FA /* LaunchScreen.storyboard */,
				A1F3CC961EDFE5B00052C9FA /* Info.plist */,
				A1F3CC851EDFE5B00052C9FA /* Supporting Files */,
			);
			path = MVVMDemo1;
			sourceTree = "<group>";
		};
		A1F3CC851EDFE5B00052C9FA /* Supporting Files */ = {
			isa = PBXGroup;
			children = (
				A1F3CC861EDFE5B00052C9FA /* main.m */,
			);
			name = "Supporting Files";
			sourceTree = "<group>";
		};
		A1F3CC9C1EDFE7220052C9FA /* Model */ = {
			isa = PBXGroup;
			children = (
				A1F3CC9D1EDFE7220052C9FA /* CustomModel.h */,
				A1F3CC9E1EDFE7220052C9FA /* CustomModel.m */,
			);
			path = Model;
			sourceTree = "<group>";
		};
		A1F3CCA01EDFE7290052C9FA /* TableViewProtocol */ = {
			isa = PBXGroup;
			children = (
				A1F3CD431EDFED670052C9FA /* TableViewProtocol.h */,
				A1F3CD441EDFED670052C9FA /* TableViewProtocol.m */,
			);
			name = TableViewProtocol;
			path = Model/TableViewProtocol;
			sourceTree = "<group>";
		};
		A1F3CCA71EDFE73B0052C9FA /* View */ = {
			isa = PBXGroup;
			children = (
				A1F3CD461EDFEEAB0052C9FA /* CustomTableViewCell.h */,
				A1F3CD471EDFEEAB0052C9FA /* CustomTableViewCell.m */,
			);
			path = View;
			sourceTree = "<group>";
		};
		A1F3CCAB1EDFE7420052C9FA /* ViewModel */ = {
			isa = PBXGroup;
			children = (
				A1F3CD491EDFF73A0052C9FA /* CustomViewModel.h */,
				A1F3CD4A1EDFF73A0052C9FA /* CustomViewModel.m */,
			);
			path = ViewModel;
			sourceTree = "<group>";
		};
		A1F3CCAF1EDFE7530052C9FA /* Controller */ = {
			isa = PBXGroup;
			children = (
				A1F3CD401EDFE9090052C9FA /* MainViewController.h */,
				A1F3CD411EDFE9090052C9FA /* MainViewController.m */,
			);
			path = Controller;
			sourceTree = "<group>";
		};
		A1F3CD4C1EDFF8800052C9FA /* MJRefresh */ = {
			isa = PBXGroup;
			children = (
				A1F3CD4D1EDFF8800052C9FA /* Base */,
				A1F3CD581EDFF8800052C9FA /* Custom */,
				A1F3CD6F1EDFF8800052C9FA /* MJRefresh.bundle */,
				A1F3CD701EDFF8800052C9FA /* MJRefresh.h */,
				A1F3CD711EDFF8800052C9FA /* MJRefreshConst.h */,
				A1F3CD721EDFF8800052C9FA /* MJRefreshConst.m */,
				A1F3CD731EDFF8800052C9FA /* NSBundle+MJRefresh.h */,
				A1F3CD741EDFF8800052C9FA /* NSBundle+MJRefresh.m */,
				A1F3CD751EDFF8800052C9FA /* UIScrollView+MJExtension.h */,
				A1F3CD761EDFF8800052C9FA /* UIScrollView+MJExtension.m */,
				A1F3CD771EDFF8800052C9FA /* UIScrollView+MJRefresh.h */,
				A1F3CD781EDFF8800052C9FA /* UIScrollView+MJRefresh.m */,
				A1F3CD791EDFF8800052C9FA /* UIView+MJExtension.h */,
				A1F3CD7A1EDFF8800052C9FA /* UIView+MJExtension.m */,
			);
			path = MJRefresh;
			sourceTree = "<group>";
		};
		A1F3CD4D1EDFF8800052C9FA /* Base */ = {
			isa = PBXGroup;
			children = (
				A1F3CD4E1EDFF8800052C9FA /* MJRefreshAutoFooter.h */,
				A1F3CD4F1EDFF8800052C9FA /* MJRefreshAutoFooter.m */,
				A1F3CD501EDFF8800052C9FA /* MJRefreshBackFooter.h */,
				A1F3CD511EDFF8800052C9FA /* MJRefreshBackFooter.m */,
				A1F3CD521EDFF8800052C9FA /* MJRefreshComponent.h */,
				A1F3CD531EDFF8800052C9FA /* MJRefreshComponent.m */,
				A1F3CD541EDFF8800052C9FA /* MJRefreshFooter.h */,
				A1F3CD551EDFF8800052C9FA /* MJRefreshFooter.m */,
				A1F3CD561EDFF8800052C9FA /* MJRefreshHeader.h */,
				A1F3CD571EDFF8800052C9FA /* MJRefreshHeader.m */,
			);
			path = Base;
			sourceTree = "<group>";
		};
		A1F3CD581EDFF8800052C9FA /* Custom */ = {
			isa = PBXGroup;
			children = (
				A1F3CD591EDFF8800052C9FA /* Footer */,
				A1F3CD681EDFF8800052C9FA /* Header */,
			);
			path = Custom;
			sourceTree = "<group>";
		};
		A1F3CD591EDFF8800052C9FA /* Footer */ = {
			isa = PBXGroup;
			children = (
				A1F3CD5A1EDFF8800052C9FA /* Auto */,
				A1F3CD611EDFF8800052C9FA /* Back */,
			);
			path = Footer;
			sourceTree = "<group>";
		};
		A1F3CD5A1EDFF8800052C9FA /* Auto */ = {
			isa = PBXGroup;
			children = (
				A1F3CD5B1EDFF8800052C9FA /* MJRefreshAutoGifFooter.h */,
				A1F3CD5C1EDFF8800052C9FA /* MJRefreshAutoGifFooter.m */,
				A1F3CD5D1EDFF8800052C9FA /* MJRefreshAutoNormalFooter.h */,
				A1F3CD5E1EDFF8800052C9FA /* MJRefreshAutoNormalFooter.m */,
				A1F3CD5F1EDFF8800052C9FA /* MJRefreshAutoStateFooter.h */,
				A1F3CD601EDFF8800052C9FA /* MJRefreshAutoStateFooter.m */,
			);
			path = Auto;
			sourceTree = "<group>";
		};
		A1F3CD611EDFF8800052C9FA /* Back */ = {
			isa = PBXGroup;
			children = (
				A1F3CD621EDFF8800052C9FA /* MJRefreshBackGifFooter.h */,
				A1F3CD631EDFF8800052C9FA /* MJRefreshBackGifFooter.m */,
				A1F3CD641EDFF8800052C9FA /* MJRefreshBackNormalFooter.h */,
				A1F3CD651EDFF8800052C9FA /* MJRefreshBackNormalFooter.m */,
				A1F3CD661EDFF8800052C9FA /* MJRefreshBackStateFooter.h */,
				A1F3CD671EDFF8800052C9FA /* MJRefreshBackStateFooter.m */,
			);
			path = Back;
			sourceTree = "<group>";
		};
		A1F3CD681EDFF8800052C9FA /* Header */ = {
			isa = PBXGroup;
			children = (
				A1F3CD691EDFF8800052C9FA /* MJRefreshGifHeader.h */,
				A1F3CD6A1EDFF8800052C9FA /* MJRefreshGifHeader.m */,
				A1F3CD6B1EDFF8800052C9FA /* MJRefreshNormalHeader.h */,
				A1F3CD6C1EDFF8800052C9FA /* MJRefreshNormalHeader.m */,
				A1F3CD6D1EDFF8800052C9FA /* MJRefreshStateHeader.h */,
				A1F3CD6E1EDFF8800052C9FA /* MJRefreshStateHeader.m */,
			);
			path = Header;
			sourceTree = "<group>";
		};
/* End PBXGroup section */

/* Begin PBXNativeTarget section */
		A1F3CC811EDFE5B00052C9FA /* MVVMDemo1 */ = {
			isa = PBXNativeTarget;
			buildConfigurationList = A1F3CC991EDFE5B00052C9FA /* Build configuration list for PBXNativeTarget "MVVMDemo1" */;
			buildPhases = (
				A1F3CC7E1EDFE5B00052C9FA /* Sources */,
				A1F3CC7F1EDFE5B00052C9FA /* Frameworks */,
				A1F3CC801EDFE5B00052C9FA /* Resources */,
			);
			buildRules = (
			);
			dependencies = (
			);
			name = MVVMDemo1;
			productName = MVVMDemo1;
			productReference = A1F3CC821EDFE5B00052C9FA /* MVVMDemo1.app */;
			productType = "com.apple.product-type.application";
		};
/* End PBXNativeTarget section */

/* Begin PBXProject section */
		A1F3CC7A1EDFE5B00052C9FA /* Project object */ = {
			isa = PBXProject;
			attributes = {
				LastUpgradeCheck = 0820;
				ORGANIZATIONNAME = hua;
				TargetAttributes = {
					A1F3CC811EDFE5B00052C9FA = {
						CreatedOnToolsVersion = 8.2.1;
						DevelopmentTeam = 2CE35B6A22;
						ProvisioningStyle = Automatic;
					};
				};
			};
			buildConfigurationList = A1F3CC7D1EDFE5B00052C9FA /* Build configuration list for PBXProject "MVVMDemo1" */;
			compatibilityVersion = "Xcode 3.2";
			developmentRegion = English;
			hasScannedForEncodings = 0;
			knownRegions = (
				en,
				Base,
			);
			mainGroup = A1F3CC791EDFE5B00052C9FA;
			productRefGroup = A1F3CC831EDFE5B00052C9FA /* Products */;
			projectDirPath = "";
			projectRoot = "";
			targets = (
				A1F3CC811EDFE5B00052C9FA /* MVVMDemo1 */,
			);
		};
/* End PBXProject section */

/* Begin PBXResourcesBuildPhase section */
		A1F3CC801EDFE5B00052C9FA /* Resources */ = {
			isa = PBXResourcesBuildPhase;
			buildActionMask = 2147483647;
			files = (
				A1F3CC951EDFE5B00052C9FA /* LaunchScreen.storyboard in Resources */,
				A1F3CC921EDFE5B00052C9FA /* Assets.xcassets in Resources */,
				A1F3CD891EDFF8800052C9FA /* MJRefresh.bundle in Resources */,
				A1F3CC901EDFE5B00052C9FA /* Main.storyboard in Resources */,
			);
			runOnlyForDeploymentPostprocessing = 0;
		};
/* End PBXResourcesBuildPhase section */

/* Begin PBXSourcesBuildPhase section */
		A1F3CC7E1EDFE5B00052C9FA /* Sources */ = {
			isa = PBXSourcesBuildPhase;
			buildActionMask = 2147483647;
			files = (
				A1F3CC9F1EDFE7220052C9FA /* CustomModel.m in Sources */,
				A1F3CD7E1EDFF8800052C9FA /* MJRefreshFooter.m in Sources */,
				A1F3CD821EDFF8800052C9FA /* MJRefreshAutoStateFooter.m in Sources */,
				A1F3CD451EDFED670052C9FA /* TableViewProtocol.m in Sources */,
				A1F3CD7D1EDFF8800052C9FA /* MJRefreshComponent.m in Sources */,
				A1F3CD801EDFF8800052C9FA /* MJRefreshAutoGifFooter.m in Sources */,
				A1F3CD871EDFF8800052C9FA /* MJRefreshNormalHeader.m in Sources */,
				A1F3CD841EDFF8800052C9FA /* MJRefreshBackNormalFooter.m in Sources */,
				A1F3CD8A1EDFF8800052C9FA /* MJRefreshConst.m in Sources */,
				A1F3CD8E1EDFF8800052C9FA /* UIView+MJExtension.m in Sources */,
				A1F3CD811EDFF8800052C9FA /* MJRefreshAutoNormalFooter.m in Sources */,
				A1F3CD851EDFF8800052C9FA /* MJRefreshBackStateFooter.m in Sources */,
				A1F3CD481EDFEEAB0052C9FA /* CustomTableViewCell.m in Sources */,
				A1F3CD8C1EDFF8800052C9FA /* UIScrollView+MJExtension.m in Sources */,
				A1F3CD8D1EDFF8800052C9FA /* UIScrollView+MJRefresh.m in Sources */,
				A1F3CD4B1EDFF73A0052C9FA /* CustomViewModel.m in Sources */,
				A1F3CD861EDFF8800052C9FA /* MJRefreshGifHeader.m in Sources */,
				A1F3CC8A1EDFE5B00052C9FA /* AppDelegate.m in Sources */,
				A1F3CD7F1EDFF8800052C9FA /* MJRefreshHeader.m in Sources */,
				A1F3CD421EDFE9090052C9FA /* MainViewController.m in Sources */,
				A1F3CD881EDFF8800052C9FA /* MJRefreshStateHeader.m in Sources */,
				A1F3CD7C1EDFF8800052C9FA /* MJRefreshBackFooter.m in Sources */,
				A1F3CD8B1EDFF8800052C9FA /* NSBundle+MJRefresh.m in Sources */,
				A1F3CD7B1EDFF8800052C9FA /* MJRefreshAutoFooter.m in Sources */,
				A1F3CC871EDFE5B00052C9FA /* main.m in Sources */,
				A1F3CD831EDFF8800052C9FA /* MJRefreshBackGifFooter.m in Sources */,
			);
			runOnlyForDeploymentPostprocessing = 0;
		};
/* End PBXSourcesBuildPhase section */

/* Begin PBXVariantGroup section */
		A1F3CC8E1EDFE5B00052C9FA /* Main.storyboard */ = {
			isa = PBXVariantGroup;
			children = (
				A1F3CC8F1EDFE5B00052C9FA /* Base */,
			);
			name = Main.storyboard;
			sourceTree = "<group>";
		};
		A1F3CC931EDFE5B00052C9FA /* LaunchScreen.storyboard */ = {
			isa = PBXVariantGroup;
			children = (
				A1F3CC941EDFE5B00052C9FA /* Base */,
			);
			name = LaunchScreen.storyboard;
			sourceTree = "<group>";
		};
/* End PBXVariantGroup section */

/* Begin XCBuildConfiguration section */
		A1F3CC971EDFE5B00052C9FA /* Debug */ = {
			isa = XCBuildConfiguration;
			buildSettings = {
				ALWAYS_SEARCH_USER_PATHS = NO;
				CLANG_ANALYZER_NONNULL = YES;
				CLANG_CXX_LANGUAGE_STANDARD = "gnu++0x";
				CLANG_CXX_LIBRARY = "libc++";
				CLANG_ENABLE_MODULES = YES;
				CLANG_ENABLE_OBJC_ARC = YES;
				CLANG_WARN_BOOL_CONVERSION = YES;
				CLANG_WARN_CONSTANT_CONVERSION = YES;
				CLANG_WARN_DIRECT_OBJC_ISA_USAGE = YES_ERROR;
				CLANG_WARN_DOCUMENTATION_COMMENTS = YES;
				CLANG_WARN_EMPTY_BODY = YES;
				CLANG_WARN_ENUM_CONVERSION = YES;
				CLANG_WARN_INFINITE_RECURSION = YES;
				CLANG_WARN_INT_CONVERSION = YES;
				CLANG_WARN_OBJC_ROOT_CLASS = YES_ERROR;
				CLANG_WARN_SUSPICIOUS_MOVE = YES;
				CLANG_WARN_UNREACHABLE_CODE = YES;
				CLANG_WARN__DUPLICATE_METHOD_MATCH = YES;
				"CODE_SIGN_IDENTITY[sdk=iphoneos*]" = "iPhone Developer";
				COPY_PHASE_STRIP = NO;
				DEBUG_INFORMATION_FORMAT = dwarf;
				ENABLE_STRICT_OBJC_MSGSEND = YES;
				ENABLE_TESTABILITY = YES;
				GCC_C_LANGUAGE_STANDARD = gnu99;
				GCC_DYNAMIC_NO_PIC = NO;
				GCC_NO_COMMON_BLOCKS = YES;
				GCC_OPTIMIZATION_LEVEL = 0;
				GCC_PREPROCESSOR_DEFINITIONS = (
					"DEBUG=1",
					"$(inherited)",
				);
				GCC_WARN_64_TO_32_BIT_CONVERSION = YES;
				GCC_WARN_ABOUT_RETURN_TYPE = YES_ERROR;
				GCC_WARN_UNDECLARED_SELECTOR = YES;
				GCC_WARN_UNINITIALIZED_AUTOS = YES_AGGRESSIVE;
				GCC_WARN_UNUSED_FUNCTION = YES;
				GCC_WARN_UNUSED_VARIABLE = YES;
				IPHONEOS_DEPLOYMENT_TARGET = 9.0;
				MTL_ENABLE_DEBUG_INFO = YES;
				ONLY_ACTIVE_ARCH = YES;
				SDKROOT = iphoneos;
			};
			name = Debug;
		};
		A1F3CC981EDFE5B00052C9FA /* Release */ = {
			isa = XCBuildConfiguration;
			buildSettings = {
				ALWAYS_SEARCH_USER_PATHS = NO;
				CLANG_ANALYZER_NONNULL = YES;
				CLANG_CXX_LANGUAGE_STANDARD = "gnu++0x";
				CLANG_CXX_LIBRARY = "libc++";
				CLANG_ENABLE_MODULES = YES;
				CLANG_ENABLE_OBJC_ARC = YES;
				CLANG_WARN_BOOL_CONVERSION = YES;
				CLANG_WARN_CONSTANT_CONVERSION = YES;
				CLANG_WARN_DIRECT_OBJC_ISA_USAGE = YES_ERROR;
				CLANG_WARN_DOCUMENTATION_COMMENTS = YES;
				CLANG_WARN_EMPTY_BODY = YES;
				CLANG_WARN_ENUM_CONVERSION = YES;
				CLANG_WARN_INFINITE_RECURSION = YES;
				CLANG_WARN_INT_CONVERSION = YES;
				CLANG_WARN_OBJC_ROOT_CLASS = YES_ERROR;
				CLANG_WARN_SUSPICIOUS_MOVE = YES;
				CLANG_WARN_UNREACHABLE_CODE = YES;
				CLANG_WARN__DUPLICATE_METHOD_MATCH = YES;
				"CODE_SIGN_IDENTITY[sdk=iphoneos*]" = "iPhone Developer";
				COPY_PHASE_STRIP = NO;
				DEBUG_INFORMATION_FORMAT = "dwarf-with-dsym";
				ENABLE_NS_ASSERTIONS = NO;
				ENABLE_STRICT_OBJC_MSGSEND = YES;
				GCC_C_LANGUAGE_STANDARD = gnu99;
				GCC_NO_COMMON_BLOCKS = YES;
				GCC_WARN_64_TO_32_BIT_CONVERSION = YES;
				GCC_WARN_ABOUT_RETURN_TYPE = YES_ERROR;
				GCC_WARN_UNDECLARED_SELECTOR = YES;
				GCC_WARN_UNINITIALIZED_AUTOS = YES_AGGRESSIVE;
				GCC_WARN_UNUSED_FUNCTION = YES;
				GCC_WARN_UNUSED_VARIABLE = YES;
				IPHONEOS_DEPLOYMENT_TARGET = 9.0;
				MTL_ENABLE_DEBUG_INFO = NO;
				SDKROOT = iphoneos;
				VALIDATE_PRODUCT = YES;
			};
			name = Release;
		};
		A1F3CC9A1EDFE5B00052C9FA /* Debug */ = {
			isa = XCBuildConfiguration;
			buildSettings = {
				ASSETCATALOG_COMPILER_APPICON_NAME = AppIcon;
				DEVELOPMENT_TEAM = 2CE35B6A22;
				INFOPLIST_FILE = MVVMDemo1/Info.plist;
				LD_RUNPATH_SEARCH_PATHS = "$(inherited) @executable_path/Frameworks";
				PRODUCT_BUNDLE_IDENTIFIER = hua.MVVMDemo1;
				PRODUCT_NAME = "$(TARGET_NAME)";
			};
			name = Debug;
		};
		A1F3CC9B1EDFE5B00052C9FA /* Release */ = {
			isa = XCBuildConfiguration;
			buildSettings = {
				ASSETCATALOG_COMPILER_APPICON_NAME = AppIcon;
				DEVELOPMENT_TEAM = 2CE35B6A22;
				INFOPLIST_FILE = MVVMDemo1/Info.plist;
				LD_RUNPATH_SEARCH_PATHS = "$(inherited) @executable_path/Frameworks";
				PRODUCT_BUNDLE_IDENTIFIER = hua.MVVMDemo1;
				PRODUCT_NAME = "$(TARGET_NAME)";
			};
			name = Release;
		};
/* End XCBuildConfiguration section */

/* Begin XCConfigurationList section */
		A1F3CC7D1EDFE5B00052C9FA /* Build configuration list for PBXProject "MVVMDemo1" */ = {
			isa = XCConfigurationList;
			buildConfigurations = (
				A1F3CC971EDFE5B00052C9FA /* Debug */,
				A1F3CC981EDFE5B00052C9FA /* Release */,
			);
			defaultConfigurationIsVisible = 0;
			defaultConfigurationName = Release;
		};
		A1F3CC991EDFE5B00052C9FA /* Build configuration list for PBXNativeTarget "MVVMDemo1" */ = {
			isa = XCConfigurationList;
			buildConfigurations = (
				A1F3CC9A1EDFE5B00052C9FA /* Debug */,
				A1F3CC9B1EDFE5B00052C9FA /* Release */,
			);
			defaultConfigurationIsVisible = 0;
		};
/* End XCConfigurationList section */
	};
	rootObject = A1F3CC7A1EDFE5B00052C9FA /* Project object */;
}
